// !$*UTF8*$!
{
	archiveVersion = 1;
	classes = {
	};
	objectVersion = 56;
	objects = {

/* Begin PBXBuildFile section */
		BC03748F2C8B6FF500E78E59 /* WidgetKit.framework in Frameworks */ = {isa = PBXBuildFile; fileRef = BC03748E2C8B6FF500E78E59 /* WidgetKit.framework */; };
		BC0374912C8B6FF500E78E59 /* SwiftUI.framework in Frameworks */ = {isa = PBXBuildFile; fileRef = BC0374902C8B6FF500E78E59 /* SwiftUI.framework */; };
		BC0374942C8B6FF500E78E59 /* EarthQuakeWidgetBundle.swift in Sources */ = {isa = PBXBuildFile; fileRef = BC0374932C8B6FF500E78E59 /* EarthQuakeWidgetBundle.swift */; };
		BC0374962C8B6FF500E78E59 /* EarthQuakeWidget.swift in Sources */ = {isa = PBXBuildFile; fileRef = BC0374952C8B6FF500E78E59 /* EarthQuakeWidget.swift */; };
		BC0374982C8B6FF900E78E59 /* Assets.xcassets in Resources */ = {isa = PBXBuildFile; fileRef = BC0374972C8B6FF900E78E59 /* Assets.xcassets */; };
		BC03749C2C8B6FF900E78E59 /* EarthQuakeWidgetExtension.appex in Embed Foundation Extensions */ = {isa = PBXBuildFile; fileRef = BC03748C2C8B6FF500E78E59 /* EarthQuakeWidgetExtension.appex */; settings = {ATTRIBUTES = (RemoveHeadersOnCopy, ); }; };
		BC0374A12C8B773E00E78E59 /* FeatureProperties.swift in Sources */ = {isa = PBXBuildFile; fileRef = BC24EB942C701ED400B723C7 /* FeatureProperties.swift */; };
		BC0374A22C8B773E00E78E59 /* FeatureMetaData.swift in Sources */ = {isa = PBXBuildFile; fileRef = BC24EB8F2C70194C00B723C7 /* FeatureMetaData.swift */; };
		BC0374A32C8B773E00E78E59 /* FeatureCollection.swift in Sources */ = {isa = PBXBuildFile; fileRef = BC24EB8B2C70182C00B723C7 /* FeatureCollection.swift */; };
		BC0374A42C8B773E00E78E59 /* Feature.swift in Sources */ = {isa = PBXBuildFile; fileRef = BC24EB892C70170100B723C7 /* Feature.swift */; };
		BC0374A52C8B773E00E78E59 /* FeatureGeometry.swift in Sources */ = {isa = PBXBuildFile; fileRef = BC24EB962C701F2300B723C7 /* FeatureGeometry.swift */; };
		BC0374A62C8B780200E78E59 /* Assets.xcassets in Resources */ = {isa = PBXBuildFile; fileRef = BC9219152C700C700096F8AC /* Assets.xcassets */; };
		BC0374A72C8B7AF200E78E59 /* USGSClient.swift in Sources */ = {isa = PBXBuildFile; fileRef = BC24EB922C701A4200B723C7 /* USGSClient.swift */; };
		BC0374A82C8B7B0C00E78E59 /* Settings.swift in Sources */ = {isa = PBXBuildFile; fileRef = BC24EBA82C752B4100B723C7 /* Settings.swift */; };
		BC0374A92C8B7B0F00E78E59 /* UtilityFunctions.swift in Sources */ = {isa = PBXBuildFile; fileRef = BC24EB9D2C71458D00B723C7 /* UtilityFunctions.swift */; };
		BC0374AA2C8B7B1300E78E59 /* LocationManager.swift in Sources */ = {isa = PBXBuildFile; fileRef = BC24EB9B2C71399100B723C7 /* LocationManager.swift */; };
		BC0374AC2C8BB03D00E78E59 /* FeatureEntry.swift in Sources */ = {isa = PBXBuildFile; fileRef = BC0374AB2C8BB03D00E78E59 /* FeatureEntry.swift */; };
		BC0374AE2C8BB07F00E78E59 /* EarthQuakeWidgetEntryView.swift in Sources */ = {isa = PBXBuildFile; fileRef = BC0374AD2C8BB07F00E78E59 /* EarthQuakeWidgetEntryView.swift */; };
		BC0374B02C8BB0C800E78E59 /* Provider.swift in Sources */ = {isa = PBXBuildFile; fileRef = BC0374AF2C8BB0C800E78E59 /* Provider.swift */; };
		BC24EB8A2C70170100B723C7 /* Feature.swift in Sources */ = {isa = PBXBuildFile; fileRef = BC24EB892C70170100B723C7 /* Feature.swift */; };
		BC24EB8C2C70182C00B723C7 /* FeatureCollection.swift in Sources */ = {isa = PBXBuildFile; fileRef = BC24EB8B2C70182C00B723C7 /* FeatureCollection.swift */; };
		BC24EB902C70194C00B723C7 /* FeatureMetaData.swift in Sources */ = {isa = PBXBuildFile; fileRef = BC24EB8F2C70194C00B723C7 /* FeatureMetaData.swift */; };
		BC24EB932C701A4200B723C7 /* USGSClient.swift in Sources */ = {isa = PBXBuildFile; fileRef = BC24EB922C701A4200B723C7 /* USGSClient.swift */; };
		BC24EB952C701ED400B723C7 /* FeatureProperties.swift in Sources */ = {isa = PBXBuildFile; fileRef = BC24EB942C701ED400B723C7 /* FeatureProperties.swift */; };
		BC24EB972C701F2300B723C7 /* FeatureGeometry.swift in Sources */ = {isa = PBXBuildFile; fileRef = BC24EB962C701F2300B723C7 /* FeatureGeometry.swift */; };
		BC24EB9C2C71399100B723C7 /* LocationManager.swift in Sources */ = {isa = PBXBuildFile; fileRef = BC24EB9B2C71399100B723C7 /* LocationManager.swift */; };
		BC24EB9E2C71458D00B723C7 /* UtilityFunctions.swift in Sources */ = {isa = PBXBuildFile; fileRef = BC24EB9D2C71458D00B723C7 /* UtilityFunctions.swift */; };
		BC24EBA02C7151E200B723C7 /* FeatureDetailView.swift in Sources */ = {isa = PBXBuildFile; fileRef = BC24EB9F2C7151E200B723C7 /* FeatureDetailView.swift */; };
		BC24EBA32C73A9D800B723C7 /* FeatureDetailPanel.swift in Sources */ = {isa = PBXBuildFile; fileRef = BC24EBA22C73A9D800B723C7 /* FeatureDetailPanel.swift */; };
		BC24EBA52C73A9EE00B723C7 /* FeaturePropertyView.swift in Sources */ = {isa = PBXBuildFile; fileRef = BC24EBA42C73A9EE00B723C7 /* FeaturePropertyView.swift */; };
		BC24EBA72C75024500B723C7 /* FeatureListItemView.swift in Sources */ = {isa = PBXBuildFile; fileRef = BC24EBA62C75024500B723C7 /* FeatureListItemView.swift */; };
		BC24EBA92C752B4100B723C7 /* Settings.swift in Sources */ = {isa = PBXBuildFile; fileRef = BC24EBA82C752B4100B723C7 /* Settings.swift */; };
		BC24EBAB2C7532C100B723C7 /* SettingsView.swift in Sources */ = {isa = PBXBuildFile; fileRef = BC24EBAA2C7532C100B723C7 /* SettingsView.swift */; };
		BC9219122C700C6C0096F8AC /* SwiftUI_USGS_EarthQuakesApp.swift in Sources */ = {isa = PBXBuildFile; fileRef = BC9219112C700C6C0096F8AC /* SwiftUI_USGS_EarthQuakesApp.swift */; };
		BC9219142C700C6C0096F8AC /* ContentView.swift in Sources */ = {isa = PBXBuildFile; fileRef = BC9219132C700C6C0096F8AC /* ContentView.swift */; };
		BC9219162C700C700096F8AC /* Assets.xcassets in Resources */ = {isa = PBXBuildFile; fileRef = BC9219152C700C700096F8AC /* Assets.xcassets */; };
		BC9219192C700C700096F8AC /* Preview Assets.xcassets in Resources */ = {isa = PBXBuildFile; fileRef = BC9219182C700C700096F8AC /* Preview Assets.xcassets */; };
		BCE4EEC62C8A758800EBB366 /* FeatureListViewModel.swift in Sources */ = {isa = PBXBuildFile; fileRef = BCE4EEC52C8A758800EBB366 /* FeatureListViewModel.swift */; };
		BCE4EEC82C8A7BCD00EBB366 /* SettingsViewModel.swift in Sources */ = {isa = PBXBuildFile; fileRef = BCE4EEC72C8A7BCD00EBB366 /* SettingsViewModel.swift */; };
/* End PBXBuildFile section */

/* Begin PBXContainerItemProxy section */
		BC03749A2C8B6FF900E78E59 /* PBXContainerItemProxy */ = {
			isa = PBXContainerItemProxy;
			containerPortal = BC9219062C700C6C0096F8AC /* Project object */;
			proxyType = 1;
			remoteGlobalIDString = BC03748B2C8B6FF500E78E59;
			remoteInfo = EarthQuakeWidgetExtension;
		};
/* End PBXContainerItemProxy section */

/* Begin PBXCopyFilesBuildPhase section */
		BC03749D2C8B6FF900E78E59 /* Embed Foundation Extensions */ = {
			isa = PBXCopyFilesBuildPhase;
			buildActionMask = 2147483647;
			dstPath = "";
			dstSubfolderSpec = 13;
			files = (
				BC03749C2C8B6FF900E78E59 /* EarthQuakeWidgetExtension.appex in Embed Foundation Extensions */,
			);
			name = "Embed Foundation Extensions";
			runOnlyForDeploymentPostprocessing = 0;
		};
/* End PBXCopyFilesBuildPhase section */

/* Begin PBXFileReference section */
		BC03748C2C8B6FF500E78E59 /* EarthQuakeWidgetExtension.appex */ = {isa = PBXFileReference; explicitFileType = "wrapper.app-extension"; includeInIndex = 0; path = EarthQuakeWidgetExtension.appex; sourceTree = BUILT_PRODUCTS_DIR; };
		BC03748E2C8B6FF500E78E59 /* WidgetKit.framework */ = {isa = PBXFileReference; lastKnownFileType = wrapper.framework; name = WidgetKit.framework; path = System/Library/Frameworks/WidgetKit.framework; sourceTree = SDKROOT; };
		BC0374902C8B6FF500E78E59 /* SwiftUI.framework */ = {isa = PBXFileReference; lastKnownFileType = wrapper.framework; name = SwiftUI.framework; path = System/Library/Frameworks/SwiftUI.framework; sourceTree = SDKROOT; };
		BC0374932C8B6FF500E78E59 /* EarthQuakeWidgetBundle.swift */ = {isa = PBXFileReference; lastKnownFileType = sourcecode.swift; path = EarthQuakeWidgetBundle.swift; sourceTree = "<group>"; };
		BC0374952C8B6FF500E78E59 /* EarthQuakeWidget.swift */ = {isa = PBXFileReference; lastKnownFileType = sourcecode.swift; path = EarthQuakeWidget.swift; sourceTree = "<group>"; };
		BC0374972C8B6FF900E78E59 /* Assets.xcassets */ = {isa = PBXFileReference; lastKnownFileType = folder.assetcatalog; path = Assets.xcassets; sourceTree = "<group>"; };
		BC0374992C8B6FF900E78E59 /* Info.plist */ = {isa = PBXFileReference; lastKnownFileType = text.plist.xml; path = Info.plist; sourceTree = "<group>"; };
		BC0374AB2C8BB03D00E78E59 /* FeatureEntry.swift */ = {isa = PBXFileReference; lastKnownFileType = sourcecode.swift; path = FeatureEntry.swift; sourceTree = "<group>"; };
		BC0374AD2C8BB07F00E78E59 /* EarthQuakeWidgetEntryView.swift */ = {isa = PBXFileReference; lastKnownFileType = sourcecode.swift; path = EarthQuakeWidgetEntryView.swift; sourceTree = "<group>"; };
		BC0374AF2C8BB0C800E78E59 /* Provider.swift */ = {isa = PBXFileReference; lastKnownFileType = sourcecode.swift; path = Provider.swift; sourceTree = "<group>"; };
		BC24EB892C70170100B723C7 /* Feature.swift */ = {isa = PBXFileReference; lastKnownFileType = sourcecode.swift; path = Feature.swift; sourceTree = "<group>"; };
		BC24EB8B2C70182C00B723C7 /* FeatureCollection.swift */ = {isa = PBXFileReference; lastKnownFileType = sourcecode.swift; path = FeatureCollection.swift; sourceTree = "<group>"; };
		BC24EB8F2C70194C00B723C7 /* FeatureMetaData.swift */ = {isa = PBXFileReference; lastKnownFileType = sourcecode.swift; path = FeatureMetaData.swift; sourceTree = "<group>"; };
		BC24EB922C701A4200B723C7 /* USGSClient.swift */ = {isa = PBXFileReference; lastKnownFileType = sourcecode.swift; path = USGSClient.swift; sourceTree = "<group>"; };
		BC24EB942C701ED400B723C7 /* FeatureProperties.swift */ = {isa = PBXFileReference; lastKnownFileType = sourcecode.swift; path = FeatureProperties.swift; sourceTree = "<group>"; };
		BC24EB962C701F2300B723C7 /* FeatureGeometry.swift */ = {isa = PBXFileReference; lastKnownFileType = sourcecode.swift; path = FeatureGeometry.swift; sourceTree = "<group>"; };
		BC24EB9B2C71399100B723C7 /* LocationManager.swift */ = {isa = PBXFileReference; lastKnownFileType = sourcecode.swift; path = LocationManager.swift; sourceTree = "<group>"; };
		BC24EB9D2C71458D00B723C7 /* UtilityFunctions.swift */ = {isa = PBXFileReference; lastKnownFileType = sourcecode.swift; path = UtilityFunctions.swift; sourceTree = "<group>"; };
		BC24EB9F2C7151E200B723C7 /* FeatureDetailView.swift */ = {isa = PBXFileReference; lastKnownFileType = sourcecode.swift; path = FeatureDetailView.swift; sourceTree = "<group>"; };
		BC24EBA22C73A9D800B723C7 /* FeatureDetailPanel.swift */ = {isa = PBXFileReference; lastKnownFileType = sourcecode.swift; path = FeatureDetailPanel.swift; sourceTree = "<group>"; };
		BC24EBA42C73A9EE00B723C7 /* FeaturePropertyView.swift */ = {isa = PBXFileReference; lastKnownFileType = sourcecode.swift; path = FeaturePropertyView.swift; sourceTree = "<group>"; };
		BC24EBA62C75024500B723C7 /* FeatureListItemView.swift */ = {isa = PBXFileReference; lastKnownFileType = sourcecode.swift; path = FeatureListItemView.swift; sourceTree = "<group>"; };
		BC24EBA82C752B4100B723C7 /* Settings.swift */ = {isa = PBXFileReference; lastKnownFileType = sourcecode.swift; path = Settings.swift; sourceTree = "<group>"; };
		BC24EBAA2C7532C100B723C7 /* SettingsView.swift */ = {isa = PBXFileReference; lastKnownFileType = sourcecode.swift; path = SettingsView.swift; sourceTree = "<group>"; };
		BC24EBAC2C7566F400B723C7 /* Info.plist */ = {isa = PBXFileReference; lastKnownFileType = text.plist; path = Info.plist; sourceTree = "<group>"; };
		BC92190E2C700C6C0096F8AC /* SwiftUI-USGS-EarthQuakes.app */ = {isa = PBXFileReference; explicitFileType = wrapper.application; includeInIndex = 0; path = "SwiftUI-USGS-EarthQuakes.app"; sourceTree = BUILT_PRODUCTS_DIR; };
		BC9219112C700C6C0096F8AC /* SwiftUI_USGS_EarthQuakesApp.swift */ = {isa = PBXFileReference; lastKnownFileType = sourcecode.swift; path = SwiftUI_USGS_EarthQuakesApp.swift; sourceTree = "<group>"; };
		BC9219132C700C6C0096F8AC /* ContentView.swift */ = {isa = PBXFileReference; lastKnownFileType = sourcecode.swift; path = ContentView.swift; sourceTree = "<group>"; wrapsLines = 0; };
		BC9219152C700C700096F8AC /* Assets.xcassets */ = {isa = PBXFileReference; lastKnownFileType = folder.assetcatalog; path = Assets.xcassets; sourceTree = "<group>"; };
		BC9219182C700C700096F8AC /* Preview Assets.xcassets */ = {isa = PBXFileReference; lastKnownFileType = folder.assetcatalog; path = "Preview Assets.xcassets"; sourceTree = "<group>"; };
		BCE4EEC52C8A758800EBB366 /* FeatureListViewModel.swift */ = {isa = PBXFileReference; lastKnownFileType = sourcecode.swift; path = FeatureListViewModel.swift; sourceTree = "<group>"; };
		BCE4EEC72C8A7BCD00EBB366 /* SettingsViewModel.swift */ = {isa = PBXFileReference; lastKnownFileType = sourcecode.swift; path = SettingsViewModel.swift; sourceTree = "<group>"; };
/* End PBXFileReference section */

/* Begin PBXFrameworksBuildPhase section */
		BC0374892C8B6FF500E78E59 /* Frameworks */ = {
			isa = PBXFrameworksBuildPhase;
			buildActionMask = 2147483647;
			files = (
				BC0374912C8B6FF500E78E59 /* SwiftUI.framework in Frameworks */,
				BC03748F2C8B6FF500E78E59 /* WidgetKit.framework in Frameworks */,
			);
			runOnlyForDeploymentPostprocessing = 0;
		};
		BC92190B2C700C6C0096F8AC /* Frameworks */ = {
			isa = PBXFrameworksBuildPhase;
			buildActionMask = 2147483647;
			files = (
			);
			runOnlyForDeploymentPostprocessing = 0;
		};
/* End PBXFrameworksBuildPhase section */

/* Begin PBXGroup section */
		BC03748D2C8B6FF500E78E59 /* Frameworks */ = {
			isa = PBXGroup;
			children = (
				BC03748E2C8B6FF500E78E59 /* WidgetKit.framework */,
				BC0374902C8B6FF500E78E59 /* SwiftUI.framework */,
			);
			name = Frameworks;
			sourceTree = "<group>";
		};
		BC0374922C8B6FF500E78E59 /* EarthQuakeWidget */ = {
			isa = PBXGroup;
			children = (
				BC0374952C8B6FF500E78E59 /* EarthQuakeWidget.swift */,
				BC0374932C8B6FF500E78E59 /* EarthQuakeWidgetBundle.swift */,
				BC0374AD2C8BB07F00E78E59 /* EarthQuakeWidgetEntryView.swift */,
				BC0374AB2C8BB03D00E78E59 /* FeatureEntry.swift */,
				BC0374AF2C8BB0C800E78E59 /* Provider.swift */,
				BC0374972C8B6FF900E78E59 /* Assets.xcassets */,
				BC0374992C8B6FF900E78E59 /* Info.plist */,
			);
			path = EarthQuakeWidget;
			sourceTree = "<group>";
		};
		BC24EB912C7019C300B723C7 /* Model */ = {
			isa = PBXGroup;
			children = (
				BC24EB892C70170100B723C7 /* Feature.swift */,
				BC24EB8B2C70182C00B723C7 /* FeatureCollection.swift */,
				BC24EB8F2C70194C00B723C7 /* FeatureMetaData.swift */,
				BC24EB942C701ED400B723C7 /* FeatureProperties.swift */,
				BC24EB962C701F2300B723C7 /* FeatureGeometry.swift */,
			);
			path = Model;
			sourceTree = "<group>";
		};
		BC24EB9A2C71396C00B723C7 /* Utilities */ = {
			isa = PBXGroup;
			children = (
				BC24EB922C701A4200B723C7 /* USGSClient.swift */,
				BC24EB9B2C71399100B723C7 /* LocationManager.swift */,
				BC24EB9D2C71458D00B723C7 /* UtilityFunctions.swift */,
				BC24EBA82C752B4100B723C7 /* Settings.swift */,
			);
			path = Utilities;
			sourceTree = "<group>";
		};
		BC24EBA12C715ADE00B723C7 /* Views */ = {
			isa = PBXGroup;
			children = (
				BC9219132C700C6C0096F8AC /* ContentView.swift */,
				BC24EB9F2C7151E200B723C7 /* FeatureDetailView.swift */,
				BC24EBA22C73A9D800B723C7 /* FeatureDetailPanel.swift */,
				BC24EBA42C73A9EE00B723C7 /* FeaturePropertyView.swift */,
				BC24EBA62C75024500B723C7 /* FeatureListItemView.swift */,
				BC24EBAA2C7532C100B723C7 /* SettingsView.swift */,
			);
			path = Views;
			sourceTree = "<group>";
		};
		BC9219052C700C6C0096F8AC = {
			isa = PBXGroup;
			children = (
				BC9219102C700C6C0096F8AC /* SwiftUI-USGS-EarthQuakes */,
				BC0374922C8B6FF500E78E59 /* EarthQuakeWidget */,
				BC03748D2C8B6FF500E78E59 /* Frameworks */,
				BC92190F2C700C6C0096F8AC /* Products */,
			);
			sourceTree = "<group>";
		};
		BC92190F2C700C6C0096F8AC /* Products */ = {
			isa = PBXGroup;
			children = (
				BC92190E2C700C6C0096F8AC /* SwiftUI-USGS-EarthQuakes.app */,
				BC03748C2C8B6FF500E78E59 /* EarthQuakeWidgetExtension.appex */,
			);
			name = Products;
			sourceTree = "<group>";
		};
		BC9219102C700C6C0096F8AC /* SwiftUI-USGS-EarthQuakes */ = {
			isa = PBXGroup;
			children = (
				BC24EBAC2C7566F400B723C7 /* Info.plist */,
				BCE4EEC42C8A756F00EBB366 /* ViewModels */,
				BC24EBA12C715ADE00B723C7 /* Views */,
				BC24EB9A2C71396C00B723C7 /* Utilities */,
				BC24EB912C7019C300B723C7 /* Model */,
				BC9219112C700C6C0096F8AC /* SwiftUI_USGS_EarthQuakesApp.swift */,
				BC9219152C700C700096F8AC /* Assets.xcassets */,
				BC9219172C700C700096F8AC /* Preview Content */,
			);
			path = "SwiftUI-USGS-EarthQuakes";
			sourceTree = "<group>";
		};
		BC9219172C700C700096F8AC /* Preview Content */ = {
			isa = PBXGroup;
			children = (
				BC9219182C700C700096F8AC /* Preview Assets.xcassets */,
			);
			path = "Preview Content";
			sourceTree = "<group>";
		};
		BCE4EEC42C8A756F00EBB366 /* ViewModels */ = {
			isa = PBXGroup;
			children = (
				BCE4EEC52C8A758800EBB366 /* FeatureListViewModel.swift */,
				BCE4EEC72C8A7BCD00EBB366 /* SettingsViewModel.swift */,
			);
			path = ViewModels;
			sourceTree = "<group>";
		};
/* End PBXGroup section */

/* Begin PBXNativeTarget section */
		BC03748B2C8B6FF500E78E59 /* EarthQuakeWidgetExtension */ = {
			isa = PBXNativeTarget;
			buildConfigurationList = BC0374A02C8B6FF900E78E59 /* Build configuration list for PBXNativeTarget "EarthQuakeWidgetExtension" */;
			buildPhases = (
				BC0374882C8B6FF500E78E59 /* Sources */,
				BC0374892C8B6FF500E78E59 /* Frameworks */,
				BC03748A2C8B6FF500E78E59 /* Resources */,
			);
			buildRules = (
			);
			dependencies = (
			);
			name = EarthQuakeWidgetExtension;
			productName = EarthQuakeWidgetExtension;
			productReference = BC03748C2C8B6FF500E78E59 /* EarthQuakeWidgetExtension.appex */;
			productType = "com.apple.product-type.app-extension";
		};
		BC92190D2C700C6C0096F8AC /* SwiftUI-USGS-EarthQuakes */ = {
			isa = PBXNativeTarget;
			buildConfigurationList = BC92191C2C700C700096F8AC /* Build configuration list for PBXNativeTarget "SwiftUI-USGS-EarthQuakes" */;
			buildPhases = (
				BC92190A2C700C6C0096F8AC /* Sources */,
				BC92190B2C700C6C0096F8AC /* Frameworks */,
				BC92190C2C700C6C0096F8AC /* Resources */,
				BC03749D2C8B6FF900E78E59 /* Embed Foundation Extensions */,
			);
			buildRules = (
			);
			dependencies = (
				BC03749B2C8B6FF900E78E59 /* PBXTargetDependency */,
			);
			name = "SwiftUI-USGS-EarthQuakes";
			productName = "SwiftUI-USGS-EarthQuakes";
			productReference = BC92190E2C700C6C0096F8AC /* SwiftUI-USGS-EarthQuakes.app */;
			productType = "com.apple.product-type.application";
		};
/* End PBXNativeTarget section */

/* Begin PBXProject section */
		BC9219062C700C6C0096F8AC /* Project object */ = {
			isa = PBXProject;
			attributes = {
				BuildIndependentTargetsInParallel = 1;
				LastSwiftUpdateCheck = 1540;
				LastUpgradeCheck = 1540;
				TargetAttributes = {
					BC03748B2C8B6FF500E78E59 = {
						CreatedOnToolsVersion = 15.4;
					};
					BC92190D2C700C6C0096F8AC = {
						CreatedOnToolsVersion = 15.4;
					};
				};
			};
			buildConfigurationList = BC9219092C700C6C0096F8AC /* Build configuration list for PBXProject "SwiftUI-USGS-EarthQuakes" */;
			compatibilityVersion = "Xcode 14.0";
			developmentRegion = en;
			hasScannedForEncodings = 0;
			knownRegions = (
				en,
				Base,
			);
			mainGroup = BC9219052C700C6C0096F8AC;
			productRefGroup = BC92190F2C700C6C0096F8AC /* Products */;
			projectDirPath = "";
			projectRoot = "";
			targets = (
				BC92190D2C700C6C0096F8AC /* SwiftUI-USGS-EarthQuakes */,
				BC03748B2C8B6FF500E78E59 /* EarthQuakeWidgetExtension */,
			);
		};
/* End PBXProject section */

/* Begin PBXResourcesBuildPhase section */
		BC03748A2C8B6FF500E78E59 /* Resources */ = {
			isa = PBXResourcesBuildPhase;
			buildActionMask = 2147483647;
			files = (
				BC0374A62C8B780200E78E59 /* Assets.xcassets in Resources */,
				BC0374982C8B6FF900E78E59 /* Assets.xcassets in Resources */,
			);
			runOnlyForDeploymentPostprocessing = 0;
		};
		BC92190C2C700C6C0096F8AC /* Resources */ = {
			isa = PBXResourcesBuildPhase;
			buildActionMask = 2147483647;
			files = (
				BC9219192C700C700096F8AC /* Preview Assets.xcassets in Resources */,
				BC9219162C700C700096F8AC /* Assets.xcassets in Resources */,
			);
			runOnlyForDeploymentPostprocessing = 0;
		};
/* End PBXResourcesBuildPhase section */

/* Begin PBXSourcesBuildPhase section */
		BC0374882C8B6FF500E78E59 /* Sources */ = {
			isa = PBXSourcesBuildPhase;
			buildActionMask = 2147483647;
			files = (
				BC0374962C8B6FF500E78E59 /* EarthQuakeWidget.swift in Sources */,
				BC0374A12C8B773E00E78E59 /* FeatureProperties.swift in Sources */,
				BC0374B02C8BB0C800E78E59 /* Provider.swift in Sources */,
				BC0374A22C8B773E00E78E59 /* FeatureMetaData.swift in Sources */,
				BC0374AA2C8B7B1300E78E59 /* LocationManager.swift in Sources */,
				BC0374A32C8B773E00E78E59 /* FeatureCollection.swift in Sources */,
				BC0374A72C8B7AF200E78E59 /* USGSClient.swift in Sources */,
				BC0374A42C8B773E00E78E59 /* Feature.swift in Sources */,
				BC0374A82C8B7B0C00E78E59 /* Settings.swift in Sources */,
				BC0374A52C8B773E00E78E59 /* FeatureGeometry.swift in Sources */,
				BC0374A92C8B7B0F00E78E59 /* UtilityFunctions.swift in Sources */,
				BC0374AE2C8BB07F00E78E59 /* EarthQuakeWidgetEntryView.swift in Sources */,
				BC0374942C8B6FF500E78E59 /* EarthQuakeWidgetBundle.swift in Sources */,
				BC0374AC2C8BB03D00E78E59 /* FeatureEntry.swift in Sources */,
			);
			runOnlyForDeploymentPostprocessing = 0;
		};
		BC92190A2C700C6C0096F8AC /* Sources */ = {
			isa = PBXSourcesBuildPhase;
			buildActionMask = 2147483647;
			files = (
				BC24EB972C701F2300B723C7 /* FeatureGeometry.swift in Sources */,
				BC24EB8A2C70170100B723C7 /* Feature.swift in Sources */,
				BC24EBA32C73A9D800B723C7 /* FeatureDetailPanel.swift in Sources */,
				BC9219142C700C6C0096F8AC /* ContentView.swift in Sources */,
				BC24EBA72C75024500B723C7 /* FeatureListItemView.swift in Sources */,
				BC24EBA02C7151E200B723C7 /* FeatureDetailView.swift in Sources */,
				BC24EB902C70194C00B723C7 /* FeatureMetaData.swift in Sources */,
				BC24EB8C2C70182C00B723C7 /* FeatureCollection.swift in Sources */,
				BC24EB932C701A4200B723C7 /* USGSClient.swift in Sources */,
				BC24EBAB2C7532C100B723C7 /* SettingsView.swift in Sources */,
				BC24EBA92C752B4100B723C7 /* Settings.swift in Sources */,
				BCE4EEC62C8A758800EBB366 /* FeatureListViewModel.swift in Sources */,
				BC9219122C700C6C0096F8AC /* SwiftUI_USGS_EarthQuakesApp.swift in Sources */,
				BC24EB952C701ED400B723C7 /* FeatureProperties.swift in Sources */,
				BC24EB9E2C71458D00B723C7 /* UtilityFunctions.swift in Sources */,
				BC24EB9C2C71399100B723C7 /* LocationManager.swift in Sources */,
				BC24EBA52C73A9EE00B723C7 /* FeaturePropertyView.swift in Sources */,
				BCE4EEC82C8A7BCD00EBB366 /* SettingsViewModel.swift in Sources */,
			);
			runOnlyForDeploymentPostprocessing = 0;
		};
/* End PBXSourcesBuildPhase section */

/* Begin PBXTargetDependency section */
		BC03749B2C8B6FF900E78E59 /* PBXTargetDependency */ = {
			isa = PBXTargetDependency;
			target = BC03748B2C8B6FF500E78E59 /* EarthQuakeWidgetExtension */;
			targetProxy = BC03749A2C8B6FF900E78E59 /* PBXContainerItemProxy */;
		};
/* End PBXTargetDependency section */

/* Begin XCBuildConfiguration section */
		BC03749E2C8B6FF900E78E59 /* Debug */ = {
			isa = XCBuildConfiguration;
			buildSettings = {
				ASSETCATALOG_COMPILER_GLOBAL_ACCENT_COLOR_NAME = AccentColor;
				ASSETCATALOG_COMPILER_WIDGET_BACKGROUND_COLOR_NAME = WidgetBackground;
				CODE_SIGN_STYLE = Automatic;
				CURRENT_PROJECT_VERSION = 1;
				DEVELOPMENT_TEAM = CH2T3PYZJY;
				GENERATE_INFOPLIST_FILE = YES;
				INFOPLIST_FILE = EarthQuakeWidget/Info.plist;
				INFOPLIST_KEY_CFBundleDisplayName = EarthQuakeWidget;
				INFOPLIST_KEY_NSHumanReadableCopyright = "";
				LD_RUNPATH_SEARCH_PATHS = (
					"$(inherited)",
					"@executable_path/Frameworks",
					"@executable_path/../../Frameworks",
				);
				MARKETING_VERSION = 1.0;
				PRODUCT_BUNDLE_IDENTIFIER = "com.alphamonkey.SwiftUI-USGS-EarthQuakes.EarthQuakeWidget";
				PRODUCT_NAME = "$(TARGET_NAME)";
				SKIP_INSTALL = YES;
				SWIFT_EMIT_LOC_STRINGS = YES;
				SWIFT_VERSION = 5.0;
				TARGETED_DEVICE_FAMILY = "1,2";
			};
			name = Debug;
		};
		BC03749F2C8B6FF900E78E59 /* Release */ = {
			isa = XCBuildConfiguration;
			buildSettings = {
				ASSETCATALOG_COMPILER_GLOBAL_ACCENT_COLOR_NAME = AccentColor;
				ASSETCATALOG_COMPILER_WIDGET_BACKGROUND_COLOR_NAME = WidgetBackground;
				CODE_SIGN_STYLE = Automatic;
				CURRENT_PROJECT_VERSION = 1;
				DEVELOPMENT_TEAM = CH2T3PYZJY;
				GENERATE_INFOPLIST_FILE = YES;
				INFOPLIST_FILE = EarthQuakeWidget/Info.plist;
				INFOPLIST_KEY_CFBundleDisplayName = EarthQuakeWidget;
				INFOPLIST_KEY_NSHumanReadableCopyright = "";
				LD_RUNPATH_SEARCH_PATHS = (
					"$(inherited)",
					"@executable_path/Frameworks",
					"@executable_path/../../Frameworks",
				);
				MARKETING_VERSION = 1.0;
				PRODUCT_BUNDLE_IDENTIFIER = "com.alphamonkey.SwiftUI-USGS-EarthQuakes.EarthQuakeWidget";
				PRODUCT_NAME = "$(TARGET_NAME)";
				SKIP_INSTALL = YES;
				SWIFT_EMIT_LOC_STRINGS = YES;
				SWIFT_VERSION = 5.0;
				TARGETED_DEVICE_FAMILY = "1,2";
			};
			name = Release;
		};
		BC92191A2C700C700096F8AC /* Debug */ = {
			isa = XCBuildConfiguration;
			buildSettings = {
				ALWAYS_SEARCH_USER_PATHS = NO;
				ASSETCATALOG_COMPILER_GENERATE_SWIFT_ASSET_SYMBOL_EXTENSIONS = YES;
				CLANG_ANALYZER_NONNULL = YES;
				CLANG_ANALYZER_NUMBER_OBJECT_CONVERSION = YES_AGGRESSIVE;
				CLANG_CXX_LANGUAGE_STANDARD = "gnu++20";
				CLANG_ENABLE_MODULES = YES;
				CLANG_ENABLE_OBJC_ARC = YES;
				CLANG_ENABLE_OBJC_WEAK = YES;
				CLANG_WARN_BLOCK_CAPTURE_AUTORELEASING = YES;
				CLANG_WARN_BOOL_CONVERSION = YES;
				CLANG_WARN_COMMA = YES;
				CLANG_WARN_CONSTANT_CONVERSION = YES;
				CLANG_WARN_DEPRECATED_OBJC_IMPLEMENTATIONS = YES;
				CLANG_WARN_DIRECT_OBJC_ISA_USAGE = YES_ERROR;
				CLANG_WARN_DOCUMENTATION_COMMENTS = YES;
				CLANG_WARN_EMPTY_BODY = YES;
				CLANG_WARN_ENUM_CONVERSION = YES;
				CLANG_WARN_INFINITE_RECURSION = YES;
				CLANG_WARN_INT_CONVERSION = YES;
				CLANG_WARN_NON_LITERAL_NULL_CONVERSION = YES;
				CLANG_WARN_OBJC_IMPLICIT_RETAIN_SELF = YES;
				CLANG_WARN_OBJC_LITERAL_CONVERSION = YES;
				CLANG_WARN_OBJC_ROOT_CLASS = YES_ERROR;
				CLANG_WARN_QUOTED_INCLUDE_IN_FRAMEWORK_HEADER = YES;
				CLANG_WARN_RANGE_LOOP_ANALYSIS = YES;
				CLANG_WARN_STRICT_PROTOTYPES = YES;
				CLANG_WARN_SUSPICIOUS_MOVE = YES;
				CLANG_WARN_UNGUARDED_AVAILABILITY = YES_AGGRESSIVE;
				CLANG_WARN_UNREACHABLE_CODE = YES;
				CLANG_WARN__DUPLICATE_METHOD_MATCH = YES;
				COPY_PHASE_STRIP = NO;
				DEBUG_INFORMATION_FORMAT = dwarf;
				ENABLE_STRICT_OBJC_MSGSEND = YES;
				ENABLE_TESTABILITY = YES;
				ENABLE_USER_SCRIPT_SANDBOXING = YES;
				GCC_C_LANGUAGE_STANDARD = gnu17;
				GCC_DYNAMIC_NO_PIC = NO;
				GCC_NO_COMMON_BLOCKS = YES;
				GCC_OPTIMIZATION_LEVEL = 0;
				GCC_PREPROCESSOR_DEFINITIONS = (
					"DEBUG=1",
					"$(inherited)",
				);
				GCC_WARN_64_TO_32_BIT_CONVERSION = YES;
				GCC_WARN_ABOUT_RETURN_TYPE = YES_ERROR;
				GCC_WARN_UNDECLARED_SELECTOR = YES;
				GCC_WARN_UNINITIALIZED_AUTOS = YES_AGGRESSIVE;
				GCC_WARN_UNUSED_FUNCTION = YES;
				GCC_WARN_UNUSED_VARIABLE = YES;
				IPHONEOS_DEPLOYMENT_TARGET = 17.5;
				LOCALIZATION_PREFERS_STRING_CATALOGS = YES;
				MTL_ENABLE_DEBUG_INFO = INCLUDE_SOURCE;
				MTL_FAST_MATH = YES;
				ONLY_ACTIVE_ARCH = YES;
				SDKROOT = iphoneos;
				SWIFT_ACTIVE_COMPILATION_CONDITIONS = "DEBUG $(inherited)";
				SWIFT_OPTIMIZATION_LEVEL = "-Onone";
			};
			name = Debug;
		};
		BC92191B2C700C700096F8AC /* Release */ = {
			isa = XCBuildConfiguration;
			buildSettings = {
				ALWAYS_SEARCH_USER_PATHS = NO;
				ASSETCATALOG_COMPILER_GENERATE_SWIFT_ASSET_SYMBOL_EXTENSIONS = YES;
				CLANG_ANALYZER_NONNULL = YES;
				CLANG_ANALYZER_NUMBER_OBJECT_CONVERSION = YES_AGGRESSIVE;
				CLANG_CXX_LANGUAGE_STANDARD = "gnu++20";
				CLANG_ENABLE_MODULES = YES;
				CLANG_ENABLE_OBJC_ARC = YES;
				CLANG_ENABLE_OBJC_WEAK = YES;
				CLANG_WARN_BLOCK_CAPTURE_AUTORELEASING = YES;
				CLANG_WARN_BOOL_CONVERSION = YES;
				CLANG_WARN_COMMA = YES;
				CLANG_WARN_CONSTANT_CONVERSION = YES;
				CLANG_WARN_DEPRECATED_OBJC_IMPLEMENTATIONS = YES;
				CLANG_WARN_DIRECT_OBJC_ISA_USAGE = YES_ERROR;
				CLANG_WARN_DOCUMENTATION_COMMENTS = YES;
				CLANG_WARN_EMPTY_BODY = YES;
				CLANG_WARN_ENUM_CONVERSION = YES;
				CLANG_WARN_INFINITE_RECURSION = YES;
				CLANG_WARN_INT_CONVERSION = YES;
				CLANG_WARN_NON_LITERAL_NULL_CONVERSION = YES;
				CLANG_WARN_OBJC_IMPLICIT_RETAIN_SELF = YES;
				CLANG_WARN_OBJC_LITERAL_CONVERSION = YES;
				CLANG_WARN_OBJC_ROOT_CLASS = YES_ERROR;
				CLANG_WARN_QUOTED_INCLUDE_IN_FRAMEWORK_HEADER = YES;
				CLANG_WARN_RANGE_LOOP_ANALYSIS = YES;
				CLANG_WARN_STRICT_PROTOTYPES = YES;
				CLANG_WARN_SUSPICIOUS_MOVE = YES;
				CLANG_WARN_UNGUARDED_AVAILABILITY = YES_AGGRESSIVE;
				CLANG_WARN_UNREACHABLE_CODE = YES;
				CLANG_WARN__DUPLICATE_METHOD_MATCH = YES;
				COPY_PHASE_STRIP = NO;
				DEBUG_INFORMATION_FORMAT = "dwarf-with-dsym";
				ENABLE_NS_ASSERTIONS = NO;
				ENABLE_STRICT_OBJC_MSGSEND = YES;
				ENABLE_USER_SCRIPT_SANDBOXING = YES;
				GCC_C_LANGUAGE_STANDARD = gnu17;
				GCC_NO_COMMON_BLOCKS = YES;
				GCC_WARN_64_TO_32_BIT_CONVERSION = YES;
				GCC_WARN_ABOUT_RETURN_TYPE = YES_ERROR;
				GCC_WARN_UNDECLARED_SELECTOR = YES;
				GCC_WARN_UNINITIALIZED_AUTOS = YES_AGGRESSIVE;
				GCC_WARN_UNUSED_FUNCTION = YES;
				GCC_WARN_UNUSED_VARIABLE = YES;
				IPHONEOS_DEPLOYMENT_TARGET = 17.5;
				LOCALIZATION_PREFERS_STRING_CATALOGS = YES;
				MTL_ENABLE_DEBUG_INFO = NO;
				MTL_FAST_MATH = YES;
				SDKROOT = iphoneos;
				SWIFT_COMPILATION_MODE = wholemodule;
				VALIDATE_PRODUCT = YES;
			};
			name = Release;
		};
		BC92191D2C700C700096F8AC /* Debug */ = {
			isa = XCBuildConfiguration;
			buildSettings = {
				ALWAYS_EMBED_SWIFT_STANDARD_LIBRARIES = YES;
				ASSETCATALOG_COMPILER_APPICON_NAME = AppIcon;
				ASSETCATALOG_COMPILER_GLOBAL_ACCENT_COLOR_NAME = AccentColor;
				CODE_SIGN_STYLE = Automatic;
				CURRENT_PROJECT_VERSION = 1;
				DEVELOPMENT_ASSET_PATHS = "\"SwiftUI-USGS-EarthQuakes/Preview Content\"";
				DEVELOPMENT_TEAM = CH2T3PYZJY;
				ENABLE_PREVIEWS = YES;
				GENERATE_INFOPLIST_FILE = YES;
				INFOPLIST_FILE = "SwiftUI-USGS-EarthQuakes/Info.plist";
				INFOPLIST_KEY_NSLocationWhenInUseUsageDescription = "This application needs permission to access your location.";
				INFOPLIST_KEY_UIApplicationSceneManifest_Generation = YES;
				INFOPLIST_KEY_UIApplicationSupportsIndirectInputEvents = YES;
				INFOPLIST_KEY_UISupportedInterfaceOrientations_iPad = "UIInterfaceOrientationLandscapeLeft UIInterfaceOrientationLandscapeRight UIInterfaceOrientationPortrait UIInterfaceOrientationPortraitUpsideDown";
				INFOPLIST_KEY_UISupportedInterfaceOrientations_iPhone = UIInterfaceOrientationPortrait;
				LD_RUNPATH_SEARCH_PATHS = (
					"$(inherited)",
					"@executable_path/Frameworks",
				);
				MARKETING_VERSION = 1.0;
				PRODUCT_BUNDLE_IDENTIFIER = "com.alphamonkey.SwiftUI-USGS-EarthQuakes";
				PRODUCT_NAME = "$(TARGET_NAME)";
				SWIFT_EMIT_LOC_STRINGS = YES;
				SWIFT_VERSION = 5.0;
				TARGETED_DEVICE_FAMILY = "1,2";
			};
			name = Debug;
		};
		BC92191E2C700C700096F8AC /* Release */ = {
			isa = XCBuildConfiguration;
			buildSettings = {
				ALWAYS_EMBED_SWIFT_STANDARD_LIBRARIES = YES;
				ASSETCATALOG_COMPILER_APPICON_NAME = AppIcon;
				ASSETCATALOG_COMPILER_GLOBAL_ACCENT_COLOR_NAME = AccentColor;
				CODE_SIGN_STYLE = Automatic;
				CURRENT_PROJECT_VERSION = 1;
				DEVELOPMENT_ASSET_PATHS = "\"SwiftUI-USGS-EarthQuakes/Preview Content\"";
				DEVELOPMENT_TEAM = CH2T3PYZJY;
				ENABLE_PREVIEWS = YES;
				GENERATE_INFOPLIST_FILE = YES;
				INFOPLIST_FILE = "SwiftUI-USGS-EarthQuakes/Info.plist";
				INFOPLIST_KEY_NSLocationWhenInUseUsageDescription = "This application needs permission to access your location.";
				INFOPLIST_KEY_UIApplicationSceneManifest_Generation = YES;
				INFOPLIST_KEY_UIApplicationSupportsIndirectInputEvents = YES;
				INFOPLIST_KEY_UISupportedInterfaceOrientations_iPad = "UIInterfaceOrientationLandscapeLeft UIInterfaceOrientationLandscapeRight UIInterfaceOrientationPortrait UIInterfaceOrientationPortraitUpsideDown";
				INFOPLIST_KEY_UISupportedInterfaceOrientations_iPhone = UIInterfaceOrientationPortrait;
				LD_RUNPATH_SEARCH_PATHS = (
					"$(inherited)",
					"@executable_path/Frameworks",
				);
				MARKETING_VERSION = 1.0;
				PRODUCT_BUNDLE_IDENTIFIER = "com.alphamonkey.SwiftUI-USGS-EarthQuakes";
				PRODUCT_NAME = "$(TARGET_NAME)";
				SWIFT_EMIT_LOC_STRINGS = YES;
				SWIFT_VERSION = 5.0;
				TARGETED_DEVICE_FAMILY = "1,2";
			};
			name = Release;
		};
/* End XCBuildConfiguration section */

/* Begin XCConfigurationList section */
		BC0374A02C8B6FF900E78E59 /* Build configuration list for PBXNativeTarget "EarthQuakeWidgetExtension" */ = {
			isa = XCConfigurationList;
			buildConfigurations = (
				BC03749E2C8B6FF900E78E59 /* Debug */,
				BC03749F2C8B6FF900E78E59 /* Release */,
			);
			defaultConfigurationIsVisible = 0;
			defaultConfigurationName = Release;
		};
		BC9219092C700C6C0096F8AC /* Build configuration list for PBXProject "SwiftUI-USGS-EarthQuakes" */ = {
			isa = XCConfigurationList;
			buildConfigurations = (
				BC92191A2C700C700096F8AC /* Debug */,
				BC92191B2C700C700096F8AC /* Release */,
			);
			defaultConfigurationIsVisible = 0;
			defaultConfigurationName = Release;
		};
		BC92191C2C700C700096F8AC /* Build configuration list for PBXNativeTarget "SwiftUI-USGS-EarthQuakes" */ = {
			isa = XCConfigurationList;
			buildConfigurations = (
				BC92191D2C700C700096F8AC /* Debug */,
				BC92191E2C700C700096F8AC /* Release */,
			);
			defaultConfigurationIsVisible = 0;
			defaultConfigurationName = Release;
		};
/* End XCConfigurationList section */
	};
	rootObject = BC9219062C700C6C0096F8AC /* Project object */;
}
