// !$*UTF8*$!
{
	archiveVersion = 1;
	classes = {
	};
	objectVersion = 56;
	objects = {

/* Begin PBXBuildFile section */
		BC24EB8A2C70170100B723C7 /* Feature.swift in Sources */ = {isa = PBXBuildFile; fileRef = BC24EB892C70170100B723C7 /* Feature.swift */; };
		BC24EB8C2C70182C00B723C7 /* FeatureCollection.swift in Sources */ = {isa = PBXBuildFile; fileRef = BC24EB8B2C70182C00B723C7 /* FeatureCollection.swift */; };
		BC24EB902C70194C00B723C7 /* FeatureMetaData.swift in Sources */ = {isa = PBXBuildFile; fileRef = BC24EB8F2C70194C00B723C7 /* FeatureMetaData.swift */; };
		BC24EB932C701A4200B723C7 /* USGSClient.swift in Sources */ = {isa = PBXBuildFile; fileRef = BC24EB922C701A4200B723C7 /* USGSClient.swift */; };
		BC24EB952C701ED400B723C7 /* FeatureProperties.swift in Sources */ = {isa = PBXBuildFile; fileRef = BC24EB942C701ED400B723C7 /* FeatureProperties.swift */; };
		BC24EB972C701F2300B723C7 /* FeatureGeometry.swift in Sources */ = {isa = PBXBuildFile; fileRef = BC24EB962C701F2300B723C7 /* FeatureGeometry.swift */; };
		BC24EB9C2C71399100B723C7 /* LocationManager.swift in Sources */ = {isa = PBXBuildFile; fileRef = BC24EB9B2C71399100B723C7 /* LocationManager.swift */; };
		BC24EB9E2C71458D00B723C7 /* UtilityFunctions.swift in Sources */ = {isa = PBXBuildFile; fileRef = BC24EB9D2C71458D00B723C7 /* UtilityFunctions.swift */; };
		BC24EBA02C7151E200B723C7 /* FeatureDetailView.swift in Sources */ = {isa = PBXBuildFile; fileRef = BC24EB9F2C7151E200B723C7 /* FeatureDetailView.swift */; };
		BC24EBA32C73A9D800B723C7 /* FeatureDetailPanel.swift in Sources */ = {isa = PBXBuildFile; fileRef = BC24EBA22C73A9D800B723C7 /* FeatureDetailPanel.swift */; };
		BC24EBA52C73A9EE00B723C7 /* FeaturePropertyView.swift in Sources */ = {isa = PBXBuildFile; fileRef = BC24EBA42C73A9EE00B723C7 /* FeaturePropertyView.swift */; };
		BC9219122C700C6C0096F8AC /* SwiftUI_USGS_EarthQuakesApp.swift in Sources */ = {isa = PBXBuildFile; fileRef = BC9219112C700C6C0096F8AC /* SwiftUI_USGS_EarthQuakesApp.swift */; };
		BC9219142C700C6C0096F8AC /* ContentView.swift in Sources */ = {isa = PBXBuildFile; fileRef = BC9219132C700C6C0096F8AC /* ContentView.swift */; };
		BC9219162C700C700096F8AC /* Assets.xcassets in Resources */ = {isa = PBXBuildFile; fileRef = BC9219152C700C700096F8AC /* Assets.xcassets */; };
		BC9219192C700C700096F8AC /* Preview Assets.xcassets in Resources */ = {isa = PBXBuildFile; fileRef = BC9219182C700C700096F8AC /* Preview Assets.xcassets */; };
/* End PBXBuildFile section */

/* Begin PBXFileReference section */
		BC24EB892C70170100B723C7 /* Feature.swift */ = {isa = PBXFileReference; lastKnownFileType = sourcecode.swift; path = Feature.swift; sourceTree = "<group>"; };
		BC24EB8B2C70182C00B723C7 /* FeatureCollection.swift */ = {isa = PBXFileReference; lastKnownFileType = sourcecode.swift; path = FeatureCollection.swift; sourceTree = "<group>"; };
		BC24EB8F2C70194C00B723C7 /* FeatureMetaData.swift */ = {isa = PBXFileReference; lastKnownFileType = sourcecode.swift; path = FeatureMetaData.swift; sourceTree = "<group>"; };
		BC24EB922C701A4200B723C7 /* USGSClient.swift */ = {isa = PBXFileReference; lastKnownFileType = sourcecode.swift; path = USGSClient.swift; sourceTree = "<group>"; };
		BC24EB942C701ED400B723C7 /* FeatureProperties.swift */ = {isa = PBXFileReference; lastKnownFileType = sourcecode.swift; path = FeatureProperties.swift; sourceTree = "<group>"; };
		BC24EB962C701F2300B723C7 /* FeatureGeometry.swift */ = {isa = PBXFileReference; lastKnownFileType = sourcecode.swift; path = FeatureGeometry.swift; sourceTree = "<group>"; };
		BC24EB9B2C71399100B723C7 /* LocationManager.swift */ = {isa = PBXFileReference; lastKnownFileType = sourcecode.swift; path = LocationManager.swift; sourceTree = "<group>"; };
		BC24EB9D2C71458D00B723C7 /* UtilityFunctions.swift */ = {isa = PBXFileReference; lastKnownFileType = sourcecode.swift; path = UtilityFunctions.swift; sourceTree = "<group>"; };
		BC24EB9F2C7151E200B723C7 /* FeatureDetailView.swift */ = {isa = PBXFileReference; lastKnownFileType = sourcecode.swift; path = FeatureDetailView.swift; sourceTree = "<group>"; };
		BC24EBA22C73A9D800B723C7 /* FeatureDetailPanel.swift */ = {isa = PBXFileReference; lastKnownFileType = sourcecode.swift; path = FeatureDetailPanel.swift; sourceTree = "<group>"; };
		BC24EBA42C73A9EE00B723C7 /* FeaturePropertyView.swift */ = {isa = PBXFileReference; lastKnownFileType = sourcecode.swift; path = FeaturePropertyView.swift; sourceTree = "<group>"; };
		BC92190E2C700C6C0096F8AC /* SwiftUI-USGS-EarthQuakes.app */ = {isa = PBXFileReference; explicitFileType = wrapper.application; includeInIndex = 0; path = "SwiftUI-USGS-EarthQuakes.app"; sourceTree = BUILT_PRODUCTS_DIR; };
		BC9219112C700C6C0096F8AC /* SwiftUI_USGS_EarthQuakesApp.swift */ = {isa = PBXFileReference; lastKnownFileType = sourcecode.swift; path = SwiftUI_USGS_EarthQuakesApp.swift; sourceTree = "<group>"; };
		BC9219132C700C6C0096F8AC /* ContentView.swift */ = {isa = PBXFileReference; lastKnownFileType = sourcecode.swift; path = ContentView.swift; sourceTree = "<group>"; };
		BC9219152C700C700096F8AC /* Assets.xcassets */ = {isa = PBXFileReference; lastKnownFileType = folder.assetcatalog; path = Assets.xcassets; sourceTree = "<group>"; };
		BC9219182C700C700096F8AC /* Preview Assets.xcassets */ = {isa = PBXFileReference; lastKnownFileType = folder.assetcatalog; path = "Preview Assets.xcassets"; sourceTree = "<group>"; };
/* End PBXFileReference section */

/* Begin PBXFrameworksBuildPhase section */
		BC92190B2C700C6C0096F8AC /* Frameworks */ = {
			isa = PBXFrameworksBuildPhase;
			buildActionMask = 2147483647;
			files = (
			);
			runOnlyForDeploymentPostprocessing = 0;
		};
/* End PBXFrameworksBuildPhase section */

/* Begin PBXGroup section */
		BC24EB912C7019C300B723C7 /* Model */ = {
			isa = PBXGroup;
			children = (
				BC24EB892C70170100B723C7 /* Feature.swift */,
				BC24EB8B2C70182C00B723C7 /* FeatureCollection.swift */,
				BC24EB8F2C70194C00B723C7 /* FeatureMetaData.swift */,
				BC24EB942C701ED400B723C7 /* FeatureProperties.swift */,
				BC24EB962C701F2300B723C7 /* FeatureGeometry.swift */,
			);
			path = Model;
			sourceTree = "<group>";
		};
		BC24EB9A2C71396C00B723C7 /* Utilities */ = {
			isa = PBXGroup;
			children = (
				BC24EB922C701A4200B723C7 /* USGSClient.swift */,
				BC24EB9B2C71399100B723C7 /* LocationManager.swift */,
				BC24EB9D2C71458D00B723C7 /* UtilityFunctions.swift */,
			);
			path = Utilities;
			sourceTree = "<group>";
		};
		BC24EBA12C715ADE00B723C7 /* Views */ = {
			isa = PBXGroup;
			children = (
				BC9219132C700C6C0096F8AC /* ContentView.swift */,
				BC24EB9F2C7151E200B723C7 /* FeatureDetailView.swift */,
				BC24EBA22C73A9D800B723C7 /* FeatureDetailPanel.swift */,
				BC24EBA42C73A9EE00B723C7 /* FeaturePropertyView.swift */,
			);
			path = Views;
			sourceTree = "<group>";
		};
		BC9219052C700C6C0096F8AC = {
			isa = PBXGroup;
			children = (
				BC9219102C700C6C0096F8AC /* SwiftUI-USGS-EarthQuakes */,
				BC92190F2C700C6C0096F8AC /* Products */,
			);
			sourceTree = "<group>";
		};
		BC92190F2C700C6C0096F8AC /* Products */ = {
			isa = PBXGroup;
			children = (
				BC92190E2C700C6C0096F8AC /* SwiftUI-USGS-EarthQuakes.app */,
			);
			name = Products;
			sourceTree = "<group>";
		};
		BC9219102C700C6C0096F8AC /* SwiftUI-USGS-EarthQuakes */ = {
			isa = PBXGroup;
			children = (
				BC24EBA12C715ADE00B723C7 /* Views */,
				BC24EB9A2C71396C00B723C7 /* Utilities */,
				BC24EB912C7019C300B723C7 /* Model */,
				BC9219112C700C6C0096F8AC /* SwiftUI_USGS_EarthQuakesApp.swift */,
				BC9219152C700C700096F8AC /* Assets.xcassets */,
				BC9219172C700C700096F8AC /* Preview Content */,
			);
			path = "SwiftUI-USGS-EarthQuakes";
			sourceTree = "<group>";
		};
		BC9219172C700C700096F8AC /* Preview Content */ = {
			isa = PBXGroup;
			children = (
				BC9219182C700C700096F8AC /* Preview Assets.xcassets */,
			);
			path = "Preview Content";
			sourceTree = "<group>";
		};
/* End PBXGroup section */

/* Begin PBXNativeTarget section */
		BC92190D2C700C6C0096F8AC /* SwiftUI-USGS-EarthQuakes */ = {
			isa = PBXNativeTarget;
			buildConfigurationList = BC92191C2C700C700096F8AC /* Build configuration list for PBXNativeTarget "SwiftUI-USGS-EarthQuakes" */;
			buildPhases = (
				BC92190A2C700C6C0096F8AC /* Sources */,
				BC92190B2C700C6C0096F8AC /* Frameworks */,
				BC92190C2C700C6C0096F8AC /* Resources */,
			);
			buildRules = (
			);
			dependencies = (
			);
			name = "SwiftUI-USGS-EarthQuakes";
			productName = "SwiftUI-USGS-EarthQuakes";
			productReference = BC92190E2C700C6C0096F8AC /* SwiftUI-USGS-EarthQuakes.app */;
			productType = "com.apple.product-type.application";
		};
/* End PBXNativeTarget section */

/* Begin PBXProject section */
		BC9219062C700C6C0096F8AC /* Project object */ = {
			isa = PBXProject;
			attributes = {
				BuildIndependentTargetsInParallel = 1;
				LastSwiftUpdateCheck = 1540;
				LastUpgradeCheck = 1540;
				TargetAttributes = {
					BC92190D2C700C6C0096F8AC = {
						CreatedOnToolsVersion = 15.4;
					};
				};
			};
			buildConfigurationList = BC9219092C700C6C0096F8AC /* Build configuration list for PBXProject "SwiftUI-USGS-EarthQuakes" */;
			compatibilityVersion = "Xcode 14.0";
			developmentRegion = en;
			hasScannedForEncodings = 0;
			knownRegions = (
				en,
				Base,
			);
			mainGroup = BC9219052C700C6C0096F8AC;
			productRefGroup = BC92190F2C700C6C0096F8AC /* Products */;
			projectDirPath = "";
			projectRoot = "";
			targets = (
				BC92190D2C700C6C0096F8AC /* SwiftUI-USGS-EarthQuakes */,
			);
		};
/* End PBXProject section */

/* Begin PBXResourcesBuildPhase section */
		BC92190C2C700C6C0096F8AC /* Resources */ = {
			isa = PBXResourcesBuildPhase;
			buildActionMask = 2147483647;
			files = (
				BC9219192C700C700096F8AC /* Preview Assets.xcassets in Resources */,
				BC9219162C700C700096F8AC /* Assets.xcassets in Resources */,
			);
			runOnlyForDeploymentPostprocessing = 0;
		};
/* End PBXResourcesBuildPhase section */

/* Begin PBXSourcesBuildPhase section */
		BC92190A2C700C6C0096F8AC /* Sources */ = {
			isa = PBXSourcesBuildPhase;
			buildActionMask = 2147483647;
			files = (
				BC24EB972C701F2300B723C7 /* FeatureGeometry.swift in Sources */,
				BC24EB8A2C70170100B723C7 /* Feature.swift in Sources */,
				BC24EBA32C73A9D800B723C7 /* FeatureDetailPanel.swift in Sources */,
				BC9219142C700C6C0096F8AC /* ContentView.swift in Sources */,
				BC24EBA02C7151E200B723C7 /* FeatureDetailView.swift in Sources */,
				BC24EB902C70194C00B723C7 /* FeatureMetaData.swift in Sources */,
				BC24EB8C2C70182C00B723C7 /* FeatureCollection.swift in Sources */,
				BC24EB932C701A4200B723C7 /* USGSClient.swift in Sources */,
				BC9219122C700C6C0096F8AC /* SwiftUI_USGS_EarthQuakesApp.swift in Sources */,
				BC24EB952C701ED400B723C7 /* FeatureProperties.swift in Sources */,
				BC24EB9E2C71458D00B723C7 /* UtilityFunctions.swift in Sources */,
				BC24EB9C2C71399100B723C7 /* LocationManager.swift in Sources */,
				BC24EBA52C73A9EE00B723C7 /* FeaturePropertyView.swift in Sources */,
			);
			runOnlyForDeploymentPostprocessing = 0;
		};
/* End PBXSourcesBuildPhase section */

/* Begin XCBuildConfiguration section */
		BC92191A2C700C700096F8AC /* Debug */ = {
			isa = XCBuildConfiguration;
			buildSettings = {
				ALWAYS_SEARCH_USER_PATHS = NO;
				ASSETCATALOG_COMPILER_GENERATE_SWIFT_ASSET_SYMBOL_EXTENSIONS = YES;
				CLANG_ANALYZER_NONNULL = YES;
				CLANG_ANALYZER_NUMBER_OBJECT_CONVERSION = YES_AGGRESSIVE;
				CLANG_CXX_LANGUAGE_STANDARD = "gnu++20";
				CLANG_ENABLE_MODULES = YES;
				CLANG_ENABLE_OBJC_ARC = YES;
				CLANG_ENABLE_OBJC_WEAK = YES;
				CLANG_WARN_BLOCK_CAPTURE_AUTORELEASING = YES;
				CLANG_WARN_BOOL_CONVERSION = YES;
				CLANG_WARN_COMMA = YES;
				CLANG_WARN_CONSTANT_CONVERSION = YES;
				CLANG_WARN_DEPRECATED_OBJC_IMPLEMENTATIONS = YES;
				CLANG_WARN_DIRECT_OBJC_ISA_USAGE = YES_ERROR;
				CLANG_WARN_DOCUMENTATION_COMMENTS = YES;
				CLANG_WARN_EMPTY_BODY = YES;
				CLANG_WARN_ENUM_CONVERSION = YES;
				CLANG_WARN_INFINITE_RECURSION = YES;
				CLANG_WARN_INT_CONVERSION = YES;
				CLANG_WARN_NON_LITERAL_NULL_CONVERSION = YES;
				CLANG_WARN_OBJC_IMPLICIT_RETAIN_SELF = YES;
				CLANG_WARN_OBJC_LITERAL_CONVERSION = YES;
				CLANG_WARN_OBJC_ROOT_CLASS = YES_ERROR;
				CLANG_WARN_QUOTED_INCLUDE_IN_FRAMEWORK_HEADER = YES;
				CLANG_WARN_RANGE_LOOP_ANALYSIS = YES;
				CLANG_WARN_STRICT_PROTOTYPES = YES;
				CLANG_WARN_SUSPICIOUS_MOVE = YES;
				CLANG_WARN_UNGUARDED_AVAILABILITY = YES_AGGRESSIVE;
				CLANG_WARN_UNREACHABLE_CODE = YES;
				CLANG_WARN__DUPLICATE_METHOD_MATCH = YES;
				COPY_PHASE_STRIP = NO;
				DEBUG_INFORMATION_FORMAT = dwarf;
				ENABLE_STRICT_OBJC_MSGSEND = YES;
				ENABLE_TESTABILITY = YES;
				ENABLE_USER_SCRIPT_SANDBOXING = YES;
				GCC_C_LANGUAGE_STANDARD = gnu17;
				GCC_DYNAMIC_NO_PIC = NO;
				GCC_NO_COMMON_BLOCKS = YES;
				GCC_OPTIMIZATION_LEVEL = 0;
				GCC_PREPROCESSOR_DEFINITIONS = (
					"DEBUG=1",
					"$(inherited)",
				);
				GCC_WARN_64_TO_32_BIT_CONVERSION = YES;
				GCC_WARN_ABOUT_RETURN_TYPE = YES_ERROR;
				GCC_WARN_UNDECLARED_SELECTOR = YES;
				GCC_WARN_UNINITIALIZED_AUTOS = YES_AGGRESSIVE;
				GCC_WARN_UNUSED_FUNCTION = YES;
				GCC_WARN_UNUSED_VARIABLE = YES;
				IPHONEOS_DEPLOYMENT_TARGET = 17.5;
				LOCALIZATION_PREFERS_STRING_CATALOGS = YES;
				MTL_ENABLE_DEBUG_INFO = INCLUDE_SOURCE;
				MTL_FAST_MATH = YES;
				ONLY_ACTIVE_ARCH = YES;
				SDKROOT = iphoneos;
				SWIFT_ACTIVE_COMPILATION_CONDITIONS = "DEBUG $(inherited)";
				SWIFT_OPTIMIZATION_LEVEL = "-Onone";
			};
			name = Debug;
		};
		BC92191B2C700C700096F8AC /* Release */ = {
			isa = XCBuildConfiguration;
			buildSettings = {
				ALWAYS_SEARCH_USER_PATHS = NO;
				ASSETCATALOG_COMPILER_GENERATE_SWIFT_ASSET_SYMBOL_EXTENSIONS = YES;
				CLANG_ANALYZER_NONNULL = YES;
				CLANG_ANALYZER_NUMBER_OBJECT_CONVERSION = YES_AGGRESSIVE;
				CLANG_CXX_LANGUAGE_STANDARD = "gnu++20";
				CLANG_ENABLE_MODULES = YES;
				CLANG_ENABLE_OBJC_ARC = YES;
				CLANG_ENABLE_OBJC_WEAK = YES;
				CLANG_WARN_BLOCK_CAPTURE_AUTORELEASING = YES;
				CLANG_WARN_BOOL_CONVERSION = YES;
				CLANG_WARN_COMMA = YES;
				CLANG_WARN_CONSTANT_CONVERSION = YES;
				CLANG_WARN_DEPRECATED_OBJC_IMPLEMENTATIONS = YES;
				CLANG_WARN_DIRECT_OBJC_ISA_USAGE = YES_ERROR;
				CLANG_WARN_DOCUMENTATION_COMMENTS = YES;
				CLANG_WARN_EMPTY_BODY = YES;
				CLANG_WARN_ENUM_CONVERSION = YES;
				CLANG_WARN_INFINITE_RECURSION = YES;
				CLANG_WARN_INT_CONVERSION = YES;
				CLANG_WARN_NON_LITERAL_NULL_CONVERSION = YES;
				CLANG_WARN_OBJC_IMPLICIT_RETAIN_SELF = YES;
				CLANG_WARN_OBJC_LITERAL_CONVERSION = YES;
				CLANG_WARN_OBJC_ROOT_CLASS = YES_ERROR;
				CLANG_WARN_QUOTED_INCLUDE_IN_FRAMEWORK_HEADER = YES;
				CLANG_WARN_RANGE_LOOP_ANALYSIS = YES;
				CLANG_WARN_STRICT_PROTOTYPES = YES;
				CLANG_WARN_SUSPICIOUS_MOVE = YES;
				CLANG_WARN_UNGUARDED_AVAILABILITY = YES_AGGRESSIVE;
				CLANG_WARN_UNREACHABLE_CODE = YES;
				CLANG_WARN__DUPLICATE_METHOD_MATCH = YES;
				COPY_PHASE_STRIP = NO;
				DEBUG_INFORMATION_FORMAT = "dwarf-with-dsym";
				ENABLE_NS_ASSERTIONS = NO;
				ENABLE_STRICT_OBJC_MSGSEND = YES;
				ENABLE_USER_SCRIPT_SANDBOXING = YES;
				GCC_C_LANGUAGE_STANDARD = gnu17;
				GCC_NO_COMMON_BLOCKS = YES;
				GCC_WARN_64_TO_32_BIT_CONVERSION = YES;
				GCC_WARN_ABOUT_RETURN_TYPE = YES_ERROR;
				GCC_WARN_UNDECLARED_SELECTOR = YES;
				GCC_WARN_UNINITIALIZED_AUTOS = YES_AGGRESSIVE;
				GCC_WARN_UNUSED_FUNCTION = YES;
				GCC_WARN_UNUSED_VARIABLE = YES;
				IPHONEOS_DEPLOYMENT_TARGET = 17.5;
				LOCALIZATION_PREFERS_STRING_CATALOGS = YES;
				MTL_ENABLE_DEBUG_INFO = NO;
				MTL_FAST_MATH = YES;
				SDKROOT = iphoneos;
				SWIFT_COMPILATION_MODE = wholemodule;
				VALIDATE_PRODUCT = YES;
			};
			name = Release;
		};
		BC92191D2C700C700096F8AC /* Debug */ = {
			isa = XCBuildConfiguration;
			buildSettings = {
				ASSETCATALOG_COMPILER_APPICON_NAME = AppIcon;
				ASSETCATALOG_COMPILER_GLOBAL_ACCENT_COLOR_NAME = AccentColor;
				CODE_SIGN_STYLE = Automatic;
				CURRENT_PROJECT_VERSION = 1;
				DEVELOPMENT_ASSET_PATHS = "\"SwiftUI-USGS-EarthQuakes/Preview Content\"";
				DEVELOPMENT_TEAM = CH2T3PYZJY;
				ENABLE_PREVIEWS = YES;
				GENERATE_INFOPLIST_FILE = YES;
				INFOPLIST_KEY_NSLocationWhenInUseUsageDescription = "This application needs permission to access your location.";
				INFOPLIST_KEY_UIApplicationSceneManifest_Generation = YES;
				INFOPLIST_KEY_UIApplicationSupportsIndirectInputEvents = YES;
				INFOPLIST_KEY_UILaunchScreen_Generation = YES;
				INFOPLIST_KEY_UISupportedInterfaceOrientations_iPad = "UIInterfaceOrientationPortrait UIInterfaceOrientationPortraitUpsideDown UIInterfaceOrientationLandscapeLeft UIInterfaceOrientationLandscapeRight";
				INFOPLIST_KEY_UISupportedInterfaceOrientations_iPhone = "UIInterfaceOrientationPortrait UIInterfaceOrientationLandscapeLeft UIInterfaceOrientationLandscapeRight";
				LD_RUNPATH_SEARCH_PATHS = (
					"$(inherited)",
					"@executable_path/Frameworks",
				);
				MARKETING_VERSION = 1.0;
				PRODUCT_BUNDLE_IDENTIFIER = "com.alphamonkey.SwiftUI-USGS-EarthQuakes";
				PRODUCT_NAME = "$(TARGET_NAME)";
				SWIFT_EMIT_LOC_STRINGS = YES;
				SWIFT_VERSION = 5.0;
				TARGETED_DEVICE_FAMILY = "1,2";
			};
			name = Debug;
		};
		BC92191E2C700C700096F8AC /* Release */ = {
			isa = XCBuildConfiguration;
			buildSettings = {
				ASSETCATALOG_COMPILER_APPICON_NAME = AppIcon;
				ASSETCATALOG_COMPILER_GLOBAL_ACCENT_COLOR_NAME = AccentColor;
				CODE_SIGN_STYLE = Automatic;
				CURRENT_PROJECT_VERSION = 1;
				DEVELOPMENT_ASSET_PATHS = "\"SwiftUI-USGS-EarthQuakes/Preview Content\"";
				DEVELOPMENT_TEAM = CH2T3PYZJY;
				ENABLE_PREVIEWS = YES;
				GENERATE_INFOPLIST_FILE = YES;
				INFOPLIST_KEY_NSLocationWhenInUseUsageDescription = "This application needs permission to access your location.";
				INFOPLIST_KEY_UIApplicationSceneManifest_Generation = YES;
				INFOPLIST_KEY_UIApplicationSupportsIndirectInputEvents = YES;
				INFOPLIST_KEY_UILaunchScreen_Generation = YES;
				INFOPLIST_KEY_UISupportedInterfaceOrientations_iPad = "UIInterfaceOrientationPortrait UIInterfaceOrientationPortraitUpsideDown UIInterfaceOrientationLandscapeLeft UIInterfaceOrientationLandscapeRight";
				INFOPLIST_KEY_UISupportedInterfaceOrientations_iPhone = "UIInterfaceOrientationPortrait UIInterfaceOrientationLandscapeLeft UIInterfaceOrientationLandscapeRight";
				LD_RUNPATH_SEARCH_PATHS = (
					"$(inherited)",
					"@executable_path/Frameworks",
				);
				MARKETING_VERSION = 1.0;
				PRODUCT_BUNDLE_IDENTIFIER = "com.alphamonkey.SwiftUI-USGS-EarthQuakes";
				PRODUCT_NAME = "$(TARGET_NAME)";
				SWIFT_EMIT_LOC_STRINGS = YES;
				SWIFT_VERSION = 5.0;
				TARGETED_DEVICE_FAMILY = "1,2";
			};
			name = Release;
		};
/* End XCBuildConfiguration section */

/* Begin XCConfigurationList section */
		BC9219092C700C6C0096F8AC /* Build configuration list for PBXProject "SwiftUI-USGS-EarthQuakes" */ = {
			isa = XCConfigurationList;
			buildConfigurations = (
				BC92191A2C700C700096F8AC /* Debug */,
				BC92191B2C700C700096F8AC /* Release */,
			);
			defaultConfigurationIsVisible = 0;
			defaultConfigurationName = Release;
		};
		BC92191C2C700C700096F8AC /* Build configuration list for PBXNativeTarget "SwiftUI-USGS-EarthQuakes" */ = {
			isa = XCConfigurationList;
			buildConfigurations = (
				BC92191D2C700C700096F8AC /* Debug */,
				BC92191E2C700C700096F8AC /* Release */,
			);
			defaultConfigurationIsVisible = 0;
			defaultConfigurationName = Release;
		};
/* End XCConfigurationList section */
	};
	rootObject = BC9219062C700C6C0096F8AC /* Project object */;
}
